%{
  "castore": {:hex, :castore, "1.0.5", "9eeebb394cc9a0f3ae56b813459f990abb0a3dedee1be6b27fdb50301930502f", [:mix], [], "hexpm", "8d7c597c3e4a64c395980882d4bca3cebb8d74197c590dc272cfd3b6a6310578"},
  "exirc": {:hex, :exirc, "2.0.0", "6b3b8da6d56096a2a613f3688ef05ed52d235a95566e889e885409c307b218b6", [:mix], [], "hexpm", "aba949c7e60ce4bbf1954d78ede33825ffe2fa01e840edd843ddc8f3775e7390"},
  "finch": {:hex, :finch, "0.18.0", "944ac7d34d0bd2ac8998f79f7a811b21d87d911e77a786bc5810adb75632ada4", [:mix], [{:castore, "~> 0.1 or ~> 1.0", [hex: :castore, repo: "hexpm", optional: false]}, {:mime, "~> 1.0 or ~> 2.0", [hex: :mime, repo: "hexpm", optional: false]}, {:mint, "~> 1.3", [hex: :mint, repo: "hexpm", optional: false]}, {:nimble_options, "~> 0.4 or ~> 1.0", [hex: :nimble_options, repo: "hexpm", optional: false]}, {:nimble_pool, "~> 0.2.6 or ~> 1.0", [hex: :nimble_pool, repo: "hexpm", optional: false]}, {:telemetry, "~> 0.4 or ~> 1.0", [hex: :telemetry, repo: "hexpm", optional: false]}], "hexpm", "69f5045b042e531e53edc2574f15e25e735b522c37e2ddb766e15b979e03aa65"},
  "hpax": {:hex, :hpax, "0.1.2", "09a75600d9d8bbd064cdd741f21fc06fc1f4cf3d0fcc335e5aa19be1a7235c84", [:mix], [], "hexpm", "2c87843d5a23f5f16748ebe77969880e29809580efdaccd615cd3bed628a8c13"},
  "jason": {:hex, :jason, "1.4.1", "af1504e35f629ddcdd6addb3513c3853991f694921b1b9368b0bd32beb9f1b63", [:mix], [{:decimal, "~> 1.0 or ~> 2.0", [hex: :decimal, repo: "hexpm", optional: true]}], "hexpm", "fbb01ecdfd565b56261302f7e1fcc27c4fb8f32d56eab74db621fc154604a7a1"},
  "mime": {:hex, :mime, "2.0.5", "dc34c8efd439abe6ae0343edbb8556f4d63f178594894720607772a041b04b02", [:mix], [], "hexpm", "da0d64a365c45bc9935cc5c8a7fc5e49a0e0f9932a761c55d6c52b142780a05c"},
  "mint": {:hex, :mint, "1.5.2", "4805e059f96028948870d23d7783613b7e6b0e2fb4e98d720383852a760067fd", [:mix], [{:castore, "~> 0.1.0 or ~> 1.0", [hex: :castore, repo: "hexpm", optional: true]}, {:hpax, "~> 0.1.1", [hex: :hpax, repo: "hexpm", optional: false]}], "hexpm", "d77d9e9ce4eb35941907f1d3df38d8f750c357865353e21d335bdcdf6d892a02"},
  "nimble_options": {:hex, :nimble_options, "1.1.0", "3b31a57ede9cb1502071fade751ab0c7b8dbe75a9a4c2b5bbb0943a690b63172", [:mix], [], "hexpm", "8bbbb3941af3ca9acc7835f5655ea062111c9c27bcac53e004460dfd19008a99"},
  "nimble_ownership": {:hex, :nimble_ownership, "0.2.1", "3e44c72ebe8dd213db4e13aff4090aaa331d158e72ce1891d02e0ffb05a1eb2d", [:mix], [], "hexpm", "bf38d2ef4fb990521a4ecf112843063c1f58a5c602484af4c7977324042badee"},
  "nimble_parsec": {:hex, :nimble_parsec, "1.4.0", "51f9b613ea62cfa97b25ccc2c1b4216e81df970acd8e16e8d1bdc58fef21370d", [:mix], [], "hexpm", "9c565862810fb383e9838c1dd2d7d2c437b3d13b267414ba6af33e50d2d1cf28"},
  "nimble_pool": {:hex, :nimble_pool, "1.0.0", "5eb82705d138f4dd4423f69ceb19ac667b3b492ae570c9f5c900bb3d2f50a847", [:mix], [], "hexpm", "80be3b882d2d351882256087078e1b1952a28bf98d0a287be87e4a24a710b67a"},
  "req": {:hex, :req, "0.4.11", "cb19f87d5251e7de30cfc67d1899696b290711092207c6b2e8fc2294f237fcdc", [:mix], [{:aws_signature, "~> 0.3.2", [hex: :aws_signature, repo: "hexpm", optional: true]}, {:brotli, "~> 0.3.1", [hex: :brotli, repo: "hexpm", optional: true]}, {:ezstd, "~> 1.0", [hex: :ezstd, repo: "hexpm", optional: true]}, {:finch, "~> 0.17", [hex: :finch, repo: "hexpm", optional: false]}, {:jason, "~> 1.0", [hex: :jason, repo: "hexpm", optional: false]}, {:mime, "~> 1.6 or ~> 2.0", [hex: :mime, repo: "hexpm", optional: false]}, {:nimble_csv, "~> 1.0", [hex: :nimble_csv, repo: "hexpm", optional: true]}, {:nimble_ownership, "~> 0.2.0", [hex: :nimble_ownership, repo: "hexpm", optional: false]}, {:plug, "~> 1.0", [hex: :plug, repo: "hexpm", optional: true]}], "hexpm", "bbf4f2393c649fa4146a3b8470e2a7e8c9b23e4100a16c75f5e7d1d3d33144f3"},
  "telemetry": {:hex, :telemetry, "1.2.1", "68fdfe8d8f05a8428483a97d7aab2f268aaff24b49e0f599faa091f1d4e7f61c", [:rebar3], [], "hexpm", "dad9ce9d8effc621708f99eac538ef1cbe05d6a874dd741de2e689c47feafed5"},
  "twitch_chat": {:git, "https://github.com/hellostream/twitch_chat.git", "c7f9d41f2906c7729caac3be8ee760f497d14381", [branch: "main"]},
  "websockex": {:hex, :websockex, "0.4.3", "92b7905769c79c6480c02daacaca2ddd49de936d912976a4d3c923723b647bf0", [:mix], [], "hexpm", "95f2e7072b85a3a4cc385602d42115b73ce0b74a9121d0d6dbbf557645ac53e4"},
}
